
Microsoft Visual Studio Solution File, Format Version 12.00
# Visual Studio 15
VisualStudioVersion = 15.0.28307.572
MinimumVisualStudioVersion = 10.0.40219.1
Project("{888888A0-9F3D-457C-B088-3A5042F75D52}") = "DjangoWebProject", "DjangoWebProject\DjangoWebProject.pyproj", "{72801AA0-5C86-4D51-A2C1-BBCA98899157}"
EndProject
Global
	GlobalSection(SolutionConfigurationPlatforms) = preSolution
		Debug|Any CPU = Debug|Any CPU
		Release|Any CPU = Release|Any CPU
	EndGlobalSection
	GlobalSection(ProjectConfigurationPlatforms) = postSolution
		{72801AA0-5C86-4D51-A2C1-BBCA98899157}.Debug|Any CPU.ActiveCfg = Debug|Any CPU
		{72801AA0-5C86-4D51-A2C1-BBCA98899157}.Debug|Any CPU.Build.0 = Debug|Any CPU
		{72801AA0-5C86-4D51-A2C1-BBCA98899157}.Release|Any CPU.ActiveCfg = Release|Any CPU
		{72801AA0-5C86-4D51-A2C1-BBCA98899157}.Release|Any CPU.Build.0 = Release|Any CPU
	EndGlobalSection
	GlobalSection(SolutionProperties) = preSolution
		HideSolutionNode = FALSE
	EndGlobalSection
	GlobalSection(ExtensibilityGlobals) = postSolution
		SolutionGuid = {C2BEA77A-BB62-49E5-A705-89DD9C7C05EF}
	EndGlobalSection
EndGlobal
